
Microsoft Visual Studio Solution File, Format Version 12.00
# Visual Studio Version 16
VisualStudioVersion = 16.0.30907.101
MinimumVisualStudioVersion = 10.0.40219.1
Project("{9A19103F-16F7-4668-BE54-9A1E7A4F7556}") = "Main_Project", "Main_Project\Main_Project.csproj", "{C72BA0FD-9486-42F7-BD25-6FFD46C72C84}"
EndProject
Project("{9A19103F-16F7-4668-BE54-9A1E7A4F7556}") = "Main_Project.Data", "Main_Project.Data\Main_Project.Data.csproj", "{E1581171-185E-419E-BFC9-F6C5AACD5F5F}"
EndProject
Project("{9A19103F-16F7-4668-BE54-9A1E7A4F7556}") = "Main_Project.BL", "Main_Project.BL\Main_Project.BL.csproj", "{8C2676F3-76F0-420F-A031-3600DDD0D94B}"
EndProject
Global
	GlobalSection(SolutionConfigurationPlatforms) = preSolution
		Debug|Any CPU = Debug|Any CPU
		Release|Any CPU = Release|Any CPU
	EndGlobalSection
	GlobalSection(ProjectConfigurationPlatforms) = postSolution
		{C72BA0FD-9486-42F7-BD25-6FFD46C72C84}.Debug|Any CPU.ActiveCfg = Debug|Any CPU
		{C72BA0FD-9486-42F7-BD25-6FFD46C72C84}.Debug|Any CPU.Build.0 = Debug|Any CPU
		{C72BA0FD-9486-42F7-BD25-6FFD46C72C84}.Release|Any CPU.ActiveCfg = Release|Any CPU
		{C72BA0FD-9486-42F7-BD25-6FFD46C72C84}.Release|Any CPU.Build.0 = Release|Any CPU
		{E1581171-185E-419E-BFC9-F6C5AACD5F5F}.Debug|Any CPU.ActiveCfg = Debug|Any CPU
		{E1581171-185E-419E-BFC9-F6C5AACD5F5F}.Debug|Any CPU.Build.0 = Debug|Any CPU
		{E1581171-185E-419E-BFC9-F6C5AACD5F5F}.Release|Any CPU.ActiveCfg = Release|Any CPU
		{E1581171-185E-419E-BFC9-F6C5AACD5F5F}.Release|Any CPU.Build.0 = Release|Any CPU
		{8C2676F3-76F0-420F-A031-3600DDD0D94B}.Debug|Any CPU.ActiveCfg = Debug|Any CPU
		{8C2676F3-76F0-420F-A031-3600DDD0D94B}.Debug|Any CPU.Build.0 = Debug|Any CPU
		{8C2676F3-76F0-420F-A031-3600DDD0D94B}.Release|Any CPU.ActiveCfg = Release|Any CPU
		{8C2676F3-76F0-420F-A031-3600DDD0D94B}.Release|Any CPU.Build.0 = Release|Any CPU
	EndGlobalSection
	GlobalSection(SolutionProperties) = preSolution
		HideSolutionNode = FALSE
	EndGlobalSection
	GlobalSection(ExtensibilityGlobals) = postSolution
		SolutionGuid = {60889977-699A-4A2F-8B89-E2AF69788E0F}
	EndGlobalSection
EndGlobal
